
Microsoft Visual Studio Solution File, Format Version 12.00
# Visual Studio 15
VisualStudioVersion = 15.0.28307.421
MinimumVisualStudioVersion = 10.0.40219.1
Project("{FAE04EC0-301F-11D3-BF4B-00C04F79EFBC}") = "WebApplication1", "WebApplication1\WebApplication1.csproj", "{EEA75FF0-8111-46BB-BC07-B70A44605493}"
EndProject
Global
	GlobalSection(SolutionConfigurationPlatforms) = preSolution
		Debug|Any CPU = Debug|Any CPU
		Release|Any CPU = Release|Any CPU
	EndGlobalSection
	GlobalSection(ProjectConfigurationPlatforms) = postSolution
		{EEA75FF0-8111-46BB-BC07-B70A44605493}.Debug|Any CPU.ActiveCfg = Debug|Any CPU
		{EEA75FF0-8111-46BB-BC07-B70A44605493}.Debug|Any CPU.Build.0 = Debug|Any CPU
		{EEA75FF0-8111-46BB-BC07-B70A44605493}.Release|Any CPU.ActiveCfg = Release|Any CPU
		{EEA75FF0-8111-46BB-BC07-B70A44605493}.Release|Any CPU.Build.0 = Release|Any CPU
	EndGlobalSection
	GlobalSection(SolutionProperties) = preSolution
		HideSolutionNode = FALSE
	EndGlobalSection
	GlobalSection(ExtensibilityGlobals) = postSolution
		SolutionGuid = {91C117D3-2D46-4018-837E-A49F2408EC1C}
	EndGlobalSection
EndGlobal
